
Microsoft Visual Studio Solution File, Format Version 12.00
# Visual Studio Version 16
VisualStudioVersion = 16.0.31019.35
MinimumVisualStudioVersion = 10.0.40219.1
Project("{9A19103F-16F7-4668-BE54-9A1E7A4F7556}") = "TR.ATSPI.Logger", "TR.ATSPI.Logger\TR.ATSPI.Logger.csproj", "{4FE8701A-FD9E-4EAD-8E4B-50B02B5730CE}"
EndProject
Project("{2150E333-8FDC-42A3-9474-1A3956D46DE8}") = "Solution Items", "Solution Items", "{E0F0D5A0-1630-42D7-B772-9372FF50B684}"
	ProjectSection(SolutionItems) = preProject
		LICENSE = LICENSE
		README.md = README.md
	EndProjectSection
EndProject
Project("{9A19103F-16F7-4668-BE54-9A1E7A4F7556}") = "TR.ATSPI.Logger.Test", "TR.ATSPI.Logger.Test\TR.ATSPI.Logger.Test.csproj", "{1F7A9FB4-99FB-4C16-AC70-D3B9313C5256}"
EndProject
Project("{FAE04EC0-301F-11D3-BF4B-00C04F79EFBC}") = "TR.ATSPI.Logger.UnmanagedTest", "TR.ATSPI.Logger.UnmanagedTest\TR.ATSPI.Logger.UnmanagedTest.csproj", "{80C29A00-BDFA-4602-88C0-5FB849B6A768}"
EndProject
Global
	GlobalSection(SolutionConfigurationPlatforms) = preSolution
		Debug|Any CPU = Debug|Any CPU
		Debug|x64 = Debug|x64
		Debug|x86 = Debug|x86
		Release|Any CPU = Release|Any CPU
		Release|x64 = Release|x64
		Release|x86 = Release|x86
	EndGlobalSection
	GlobalSection(ProjectConfigurationPlatforms) = postSolution
		{4FE8701A-FD9E-4EAD-8E4B-50B02B5730CE}.Debug|Any CPU.ActiveCfg = Debug|Any CPU
		{4FE8701A-FD9E-4EAD-8E4B-50B02B5730CE}.Debug|Any CPU.Build.0 = Debug|Any CPU
		{4FE8701A-FD9E-4EAD-8E4B-50B02B5730CE}.Debug|x64.ActiveCfg = Debug|x64
		{4FE8701A-FD9E-4EAD-8E4B-50B02B5730CE}.Debug|x64.Build.0 = Debug|x64
		{4FE8701A-FD9E-4EAD-8E4B-50B02B5730CE}.Debug|x86.ActiveCfg = Debug|x86
		{4FE8701A-FD9E-4EAD-8E4B-50B02B5730CE}.Debug|x86.Build.0 = Debug|x86
		{4FE8701A-FD9E-4EAD-8E4B-50B02B5730CE}.Release|Any CPU.ActiveCfg = Release|Any CPU
		{4FE8701A-FD9E-4EAD-8E4B-50B02B5730CE}.Release|Any CPU.Build.0 = Release|Any CPU
		{4FE8701A-FD9E-4EAD-8E4B-50B02B5730CE}.Release|x64.ActiveCfg = Release|x64
		{4FE8701A-FD9E-4EAD-8E4B-50B02B5730CE}.Release|x64.Build.0 = Release|x64
		{4FE8701A-FD9E-4EAD-8E4B-50B02B5730CE}.Release|x86.ActiveCfg = Release|x86
		{4FE8701A-FD9E-4EAD-8E4B-50B02B5730CE}.Release|x86.Build.0 = Release|x86
		{1F7A9FB4-99FB-4C16-AC70-D3B9313C5256}.Debug|Any CPU.ActiveCfg = Debug|Any CPU
		{1F7A9FB4-99FB-4C16-AC70-D3B9313C5256}.Debug|Any CPU.Build.0 = Debug|Any CPU
		{1F7A9FB4-99FB-4C16-AC70-D3B9313C5256}.Debug|x64.ActiveCfg = Debug|x64
		{1F7A9FB4-99FB-4C16-AC70-D3B9313C5256}.Debug|x64.Build.0 = Debug|x64
		{1F7A9FB4-99FB-4C16-AC70-D3B9313C5256}.Debug|x86.ActiveCfg = Debug|x86
		{1F7A9FB4-99FB-4C16-AC70-D3B9313C5256}.Debug|x86.Build.0 = Debug|x86
		{1F7A9FB4-99FB-4C16-AC70-D3B9313C5256}.Release|Any CPU.ActiveCfg = Release|Any CPU
		{1F7A9FB4-99FB-4C16-AC70-D3B9313C5256}.Release|Any CPU.Build.0 = Release|Any CPU
		{1F7A9FB4-99FB-4C16-AC70-D3B9313C5256}.Release|x64.ActiveCfg = Release|x64
		{1F7A9FB4-99FB-4C16-AC70-D3B9313C5256}.Release|x64.Build.0 = Release|x64
		{1F7A9FB4-99FB-4C16-AC70-D3B9313C5256}.Release|x86.ActiveCfg = Release|x86
		{1F7A9FB4-99FB-4C16-AC70-D3B9313C5256}.Release|x86.Build.0 = Release|x86
		{80C29A00-BDFA-4602-88C0-5FB849B6A768}.Debug|Any CPU.ActiveCfg = Debug|Any CPU
		{80C29A00-BDFA-4602-88C0-5FB849B6A768}.Debug|x64.ActiveCfg = Debug|x64
		{80C29A00-BDFA-4602-88C0-5FB849B6A768}.Debug|x64.Build.0 = Debug|x64
		{80C29A00-BDFA-4602-88C0-5FB849B6A768}.Debug|x86.ActiveCfg = Debug|x86
		{80C29A00-BDFA-4602-88C0-5FB849B6A768}.Debug|x86.Build.0 = Debug|x86
		{80C29A00-BDFA-4602-88C0-5FB849B6A768}.Release|Any CPU.ActiveCfg = Release|Any CPU
		{80C29A00-BDFA-4602-88C0-5FB849B6A768}.Release|x64.ActiveCfg = Release|x64
		{80C29A00-BDFA-4602-88C0-5FB849B6A768}.Release|x64.Build.0 = Release|x64
		{80C29A00-BDFA-4602-88C0-5FB849B6A768}.Release|x86.ActiveCfg = Release|x86
		{80C29A00-BDFA-4602-88C0-5FB849B6A768}.Release|x86.Build.0 = Release|x86
	EndGlobalSection
	GlobalSection(SolutionProperties) = preSolution
		HideSolutionNode = FALSE
	EndGlobalSection
	GlobalSection(ExtensibilityGlobals) = postSolution
		SolutionGuid = {324641A5-A9E5-400C-9497-C10A20F6F1FC}
	EndGlobalSection
EndGlobal
