{
  "version": 1,
  "dependencies": {
    ".NETFramework,Version=v4.8": {
      "DllExport": {
        "type": "Direct",
        "requested": "[1.7.4, )",
        "resolved": "1.7.4",
        "contentHash": "Uw00IwE/UoJV1faJCasNXpnR3DVa/0dbKjLNS1zNinu4FehQP3y88akvoky1pAjcU6b06cu1BkG9E1IFiV+6xA=="
      },
      "IAtsPI": {
        "type": "Direct",
        "requested": "[1.0.0.2, )",
        "resolved": "1.0.0.2",
        "contentHash": "WGxYCFrirIHUHDDBGyo65FLJyG6KnaU02h4pOz02axD/c5TwPwPh27u3UPO74em+cZuYU51YDPLKBokGyznNaw=="
      },
      "ILMerge": {
        "type": "Direct",
        "requested": "[3.0.41, )",
        "resolved": "3.0.41",
        "contentHash": "u9n45xs40bSGoNFcmMYJkh3zkGYKR4BqzQaX2uHc2Ay4drdiQOTeo/1ECps3ttDXOu4Q6qbTnsIbQWb/06ShqA=="
      }
    }
  }
}